
Microsoft Visual Studio Solution File, Format Version 12.00
# Visual Studio Version 16
VisualStudioVersion = 16.0.28803.156
MinimumVisualStudioVersion = 10.0.40219.1
Project("{9A19103F-16F7-4668-BE54-9A1E7A4F7556}") = "TestHTMLJM", "TestHTMLJM\TestHTMLJM.csproj", "{1577EF17-CECD-4121-93FE-5C9CD5C6BA82}"
EndProject
Global
	GlobalSection(SolutionConfigurationPlatforms) = preSolution
		Debug|Any CPU = Debug|Any CPU
		Release|Any CPU = Release|Any CPU
	EndGlobalSection
	GlobalSection(ProjectConfigurationPlatforms) = postSolution
		{1577EF17-CECD-4121-93FE-5C9CD5C6BA82}.Debug|Any CPU.ActiveCfg = Debug|Any CPU
		{1577EF17-CECD-4121-93FE-5C9CD5C6BA82}.Debug|Any CPU.Build.0 = Debug|Any CPU
		{1577EF17-CECD-4121-93FE-5C9CD5C6BA82}.Release|Any CPU.ActiveCfg = Release|Any CPU
		{1577EF17-CECD-4121-93FE-5C9CD5C6BA82}.Release|Any CPU.Build.0 = Release|Any CPU
	EndGlobalSection
	GlobalSection(SolutionProperties) = preSolution
		HideSolutionNode = FALSE
	EndGlobalSection
	GlobalSection(ExtensibilityGlobals) = postSolution
		SolutionGuid = {57F38021-61B1-47A1-B973-CEC17B6391FD}
	EndGlobalSection
EndGlobal
